
Microsoft Visual Studio Solution File, Format Version 12.00
# Visual Studio Version 17
VisualStudioVersion = 17.13.35919.96 d17.13
MinimumVisualStudioVersion = 10.0.40219.1
Project("{FAE04EC0-301F-11D3-BF4B-00C04F79EFBC}") = "PatronesSoftware_Trabajo2", "PatronesSoftware_Trabajo2\PatronesSoftware_Trabajo2.csproj", "{1462CFE1-6541-41CE-A76E-0D7CAC3B0085}"
EndProject
Global
	GlobalSection(SolutionConfigurationPlatforms) = preSolution
		Debug|Any CPU = Debug|Any CPU
		Release|Any CPU = Release|Any CPU
	EndGlobalSection
	GlobalSection(ProjectConfigurationPlatforms) = postSolution
		{1462CFE1-6541-41CE-A76E-0D7CAC3B0085}.Debug|Any CPU.ActiveCfg = Debug|Any CPU
		{1462CFE1-6541-41CE-A76E-0D7CAC3B0085}.Debug|Any CPU.Build.0 = Debug|Any CPU
		{1462CFE1-6541-41CE-A76E-0D7CAC3B0085}.Release|Any CPU.ActiveCfg = Release|Any CPU
		{1462CFE1-6541-41CE-A76E-0D7CAC3B0085}.Release|Any CPU.Build.0 = Release|Any CPU
	EndGlobalSection
	GlobalSection(SolutionProperties) = preSolution
		HideSolutionNode = FALSE
	EndGlobalSection
	GlobalSection(ExtensibilityGlobals) = postSolution
		SolutionGuid = {79C4CCB0-61AD-40C3-BE69-6BB5788C81A7}
	EndGlobalSection
EndGlobal
